// !$*UTF8*$!
{
	archiveVersion = 1;
	classes = {
	};
	objectVersion = 46;
	objects = {

/* Begin PBXBuildFile section */
		6502456B1EB469CE00E34B76 /* AppDelegate.swift in Sources */ = {isa = PBXBuildFile; fileRef = 6502456A1EB469CE00E34B76 /* AppDelegate.swift */; };
		6502456D1EB469CE00E34B76 /* ViewController.swift in Sources */ = {isa = PBXBuildFile; fileRef = 6502456C1EB469CE00E34B76 /* ViewController.swift */; };
		650245701EB469CE00E34B76 /* Main.storyboard in Resources */ = {isa = PBXBuildFile; fileRef = 6502456E1EB469CE00E34B76 /* Main.storyboard */; };
		650245721EB469CE00E34B76 /* Assets.xcassets in Resources */ = {isa = PBXBuildFile; fileRef = 650245711EB469CE00E34B76 /* Assets.xcassets */; };
		650245751EB469CE00E34B76 /* LaunchScreen.storyboard in Resources */ = {isa = PBXBuildFile; fileRef = 650245731EB469CE00E34B76 /* LaunchScreen.storyboard */; };
		6502457F1EB46A7B00E34B76 /* 0.png in Resources */ = {isa = PBXBuildFile; fileRef = 6502457C1EB46A7B00E34B76 /* 0.png */; };
		650245801EB46A7B00E34B76 /* 1.png in Resources */ = {isa = PBXBuildFile; fileRef = 6502457D1EB46A7B00E34B76 /* 1.png */; };
		650245811EB46A7B00E34B76 /* 2.png in Resources */ = {isa = PBXBuildFile; fileRef = 6502457E1EB46A7B00E34B76 /* 2.png */; };
		650245831EB46B5100E34B76 /* PhotoViewController.swift in Sources */ = {isa = PBXBuildFile; fileRef = 650245821EB46B5100E34B76 /* PhotoViewController.swift */; };
/* End PBXBuildFile section */

/* Begin PBXFileReference section */
		650245671EB469CD00E34B76 /* SlideshowApp.app */ = {isa = PBXFileReference; explicitFileType = wrapper.application; includeInIndex = 0; path = SlideshowApp.app; sourceTree = BUILT_PRODUCTS_DIR; };
		6502456A1EB469CE00E34B76 /* AppDelegate.swift */ = {isa = PBXFileReference; lastKnownFileType = sourcecode.swift; path = AppDelegate.swift; sourceTree = "<group>"; };
		6502456C1EB469CE00E34B76 /* ViewController.swift */ = {isa = PBXFileReference; lastKnownFileType = sourcecode.swift; path = ViewController.swift; sourceTree = "<group>"; };
		6502456F1EB469CE00E34B76 /* Base */ = {isa = PBXFileReference; lastKnownFileType = file.storyboard; name = Base; path = Base.lproj/Main.storyboard; sourceTree = "<group>"; };
		650245711EB469CE00E34B76 /* Assets.xcassets */ = {isa = PBXFileReference; lastKnownFileType = folder.assetcatalog; path = Assets.xcassets; sourceTree = "<group>"; };
		650245741EB469CE00E34B76 /* Base */ = {isa = PBXFileReference; lastKnownFileType = file.storyboard; name = Base; path = Base.lproj/LaunchScreen.storyboard; sourceTree = "<group>"; };
		650245761EB469CE00E34B76 /* Info.plist */ = {isa = PBXFileReference; lastKnownFileType = text.plist.xml; path = Info.plist; sourceTree = "<group>"; };
		6502457C1EB46A7B00E34B76 /* 0.png */ = {isa = PBXFileReference; lastKnownFileType = image.png; path = 0.png; sourceTree = "<group>"; };
		6502457D1EB46A7B00E34B76 /* 1.png */ = {isa = PBXFileReference; lastKnownFileType = image.png; path = 1.png; sourceTree = "<group>"; };
		6502457E1EB46A7B00E34B76 /* 2.png */ = {isa = PBXFileReference; lastKnownFileType = image.png; path = 2.png; sourceTree = "<group>"; };
		650245821EB46B5100E34B76 /* PhotoViewController.swift */ = {isa = PBXFileReference; fileEncoding = 4; lastKnownFileType = sourcecode.swift; path = PhotoViewController.swift; sourceTree = "<group>"; };
/* End PBXFileReference section */

/* Begin PBXFrameworksBuildPhase section */
		650245641EB469CD00E34B76 /* Frameworks */ = {
			isa = PBXFrameworksBuildPhase;
			buildActionMask = 2147483647;
			files = (
			);
			runOnlyForDeploymentPostprocessing = 0;
		};
/* End PBXFrameworksBuildPhase section */

/* Begin PBXGroup section */
		6502455E1EB469CD00E34B76 = {
			isa = PBXGroup;
			children = (
				650245691EB469CD00E34B76 /* SlideshowApp */,
				650245681EB469CD00E34B76 /* Products */,
			);
			sourceTree = "<group>";
		};
		650245681EB469CD00E34B76 /* Products */ = {
			isa = PBXGroup;
			children = (
				650245671EB469CD00E34B76 /* SlideshowApp.app */,
			);
			name = Products;
			sourceTree = "<group>";
		};
		650245691EB469CD00E34B76 /* SlideshowApp */ = {
			isa = PBXGroup;
			children = (
				6502456A1EB469CE00E34B76 /* AppDelegate.swift */,
				6502456C1EB469CE00E34B76 /* ViewController.swift */,
				6502456E1EB469CE00E34B76 /* Main.storyboard */,
				650245821EB46B5100E34B76 /* PhotoViewController.swift */,
				650245711EB469CE00E34B76 /* Assets.xcassets */,
				650245731EB469CE00E34B76 /* LaunchScreen.storyboard */,
				650245761EB469CE00E34B76 /* Info.plist */,
				6502457C1EB46A7B00E34B76 /* 0.png */,
				6502457D1EB46A7B00E34B76 /* 1.png */,
				6502457E1EB46A7B00E34B76 /* 2.png */,
			);
			path = SlideshowApp;
			sourceTree = "<group>";
		};
/* End PBXGroup section */

/* Begin PBXNativeTarget section */
		650245661EB469CD00E34B76 /* SlideshowApp */ = {
			isa = PBXNativeTarget;
			buildConfigurationList = 650245791EB469CE00E34B76 /* Build configuration list for PBXNativeTarget "SlideshowApp" */;
			buildPhases = (
				650245631EB469CD00E34B76 /* Sources */,
				650245641EB469CD00E34B76 /* Frameworks */,
				650245651EB469CD00E34B76 /* Resources */,
			);
			buildRules = (
			);
			dependencies = (
			);
			name = SlideshowApp;
			productName = SlideshowApp;
			productReference = 650245671EB469CD00E34B76 /* SlideshowApp.app */;
			productType = "com.apple.product-type.application";
		};
/* End PBXNativeTarget section */

/* Begin PBXProject section */
		6502455F1EB469CD00E34B76 /* Project object */ = {
			isa = PBXProject;
			attributes = {
				LastSwiftUpdateCheck = 0830;
				LastUpgradeCheck = 0830;
				ORGANIZATIONNAME = "Yuki Sako";
				TargetAttributes = {
					650245661EB469CD00E34B76 = {
						CreatedOnToolsVersion = 8.3.2;
						DevelopmentTeam = 67QLZ4589L;
						ProvisioningStyle = Automatic;
					};
				};
			};
			buildConfigurationList = 650245621EB469CD00E34B76 /* Build configuration list for PBXProject "SlideshowApp" */;
			compatibilityVersion = "Xcode 3.2";
			developmentRegion = English;
			hasScannedForEncodings = 0;
			knownRegions = (
				en,
				Base,
			);
			mainGroup = 6502455E1EB469CD00E34B76;
			productRefGroup = 650245681EB469CD00E34B76 /* Products */;
			projectDirPath = "";
			projectRoot = "";
			targets = (
				650245661EB469CD00E34B76 /* SlideshowApp */,
			);
		};
/* End PBXProject section */

/* Begin PBXResourcesBuildPhase section */
		650245651EB469CD00E34B76 /* Resources */ = {
			isa = PBXResourcesBuildPhase;
			buildActionMask = 2147483647;
			files = (
				650245811EB46A7B00E34B76 /* 2.png in Resources */,
				650245801EB46A7B00E34B76 /* 1.png in Resources */,
				650245751EB469CE00E34B76 /* LaunchScreen.storyboard in Resources */,
				6502457F1EB46A7B00E34B76 /* 0.png in Resources */,
				650245721EB469CE00E34B76 /* Assets.xcassets in Resources */,
				650245701EB469CE00E34B76 /* Main.storyboard in Resources */,
			);
			runOnlyForDeploymentPostprocessing = 0;
		};
/* End PBXResourcesBuildPhase section */

/* Begin PBXSourcesBuildPhase section */
		650245631EB469CD00E34B76 /* Sources */ = {
			isa = PBXSourcesBuildPhase;
			buildActionMask = 2147483647;
			files = (
				6502456D1EB469CE00E34B76 /* ViewController.swift in Sources */,
				6502456B1EB469CE00E34B76 /* AppDelegate.swift in Sources */,
				650245831EB46B5100E34B76 /* PhotoViewController.swift in Sources */,
			);
			runOnlyForDeploymentPostprocessing = 0;
		};
/* End PBXSourcesBuildPhase section */

/* Begin PBXVariantGroup section */
		6502456E1EB469CE00E34B76 /* Main.storyboard */ = {
			isa = PBXVariantGroup;
			children = (
				6502456F1EB469CE00E34B76 /* Base */,
			);
			name = Main.storyboard;
			sourceTree = "<group>";
		};
		650245731EB469CE00E34B76 /* LaunchScreen.storyboard */ = {
			isa = PBXVariantGroup;
			children = (
				650245741EB469CE00E34B76 /* Base */,
			);
			name = LaunchScreen.storyboard;
			sourceTree = "<group>";
		};
/* End PBXVariantGroup section */

/* Begin XCBuildConfiguration section */
		650245771EB469CE00E34B76 /* Debug */ = {
			isa = XCBuildConfiguration;
			buildSettings = {
				ALWAYS_SEARCH_USER_PATHS = NO;
				CLANG_ANALYZER_NONNULL = YES;
				CLANG_ANALYZER_NUMBER_OBJECT_CONVERSION = YES_AGGRESSIVE;
				CLANG_CXX_LANGUAGE_STANDARD = "gnu++0x";
				CLANG_CXX_LIBRARY = "libc++";
				CLANG_ENABLE_MODULES = YES;
				CLANG_ENABLE_OBJC_ARC = YES;
				CLANG_WARN_BOOL_CONVERSION = YES;
				CLANG_WARN_CONSTANT_CONVERSION = YES;
				CLANG_WARN_DIRECT_OBJC_ISA_USAGE = YES_ERROR;
				CLANG_WARN_DOCUMENTATION_COMMENTS = YES;
				CLANG_WARN_EMPTY_BODY = YES;
				CLANG_WARN_ENUM_CONVERSION = YES;
				CLANG_WARN_INFINITE_RECURSION = YES;
				CLANG_WARN_INT_CONVERSION = YES;
				CLANG_WARN_OBJC_ROOT_CLASS = YES_ERROR;
				CLANG_WARN_SUSPICIOUS_MOVE = YES;
				CLANG_WARN_UNREACHABLE_CODE = YES;
				CLANG_WARN__DUPLICATE_METHOD_MATCH = YES;
				"CODE_SIGN_IDENTITY[sdk=iphoneos*]" = "iPhone Developer";
				COPY_PHASE_STRIP = NO;
				DEBUG_INFORMATION_FORMAT = dwarf;
				ENABLE_STRICT_OBJC_MSGSEND = YES;
				ENABLE_TESTABILITY = YES;
				GCC_C_LANGUAGE_STANDARD = gnu99;
				GCC_DYNAMIC_NO_PIC = NO;
				GCC_NO_COMMON_BLOCKS = YES;
				GCC_OPTIMIZATION_LEVEL = 0;
				GCC_PREPROCESSOR_DEFINITIONS = (
					"DEBUG=1",
					"$(inherited)",
				);
				GCC_WARN_64_TO_32_BIT_CONVERSION = YES;
				GCC_WARN_ABOUT_RETURN_TYPE = YES_ERROR;
				GCC_WARN_UNDECLARED_SELECTOR = YES;
				GCC_WARN_UNINITIALIZED_AUTOS = YES_AGGRESSIVE;
				GCC_WARN_UNUSED_FUNCTION = YES;
				GCC_WARN_UNUSED_VARIABLE = YES;
				IPHONEOS_DEPLOYMENT_TARGET = 10.3;
				MTL_ENABLE_DEBUG_INFO = YES;
				ONLY_ACTIVE_ARCH = YES;
				SDKROOT = iphoneos;
				SWIFT_ACTIVE_COMPILATION_CONDITIONS = DEBUG;
				SWIFT_OPTIMIZATION_LEVEL = "-Onone";
			};
			name = Debug;
		};
		650245781EB469CE00E34B76 /* Release */ = {
			isa = XCBuildConfiguration;
			buildSettings = {
				ALWAYS_SEARCH_USER_PATHS = NO;
				CLANG_ANALYZER_NONNULL = YES;
				CLANG_ANALYZER_NUMBER_OBJECT_CONVERSION = YES_AGGRESSIVE;
				CLANG_CXX_LANGUAGE_STANDARD = "gnu++0x";
				CLANG_CXX_LIBRARY = "libc++";
				CLANG_ENABLE_MODULES = YES;
				CLANG_ENABLE_OBJC_ARC = YES;
				CLANG_WARN_BOOL_CONVERSION = YES;
				CLANG_WARN_CONSTANT_CONVERSION = YES;
				CLANG_WARN_DIRECT_OBJC_ISA_USAGE = YES_ERROR;
				CLANG_WARN_DOCUMENTATION_COMMENTS = YES;
				CLANG_WARN_EMPTY_BODY = YES;
				CLANG_WARN_ENUM_CONVERSION = YES;
				CLANG_WARN_INFINITE_RECURSION = YES;
				CLANG_WARN_INT_CONVERSION = YES;
				CLANG_WARN_OBJC_ROOT_CLASS = YES_ERROR;
				CLANG_WARN_SUSPICIOUS_MOVE = YES;
				CLANG_WARN_UNREACHABLE_CODE = YES;
				CLANG_WARN__DUPLICATE_METHOD_MATCH = YES;
				"CODE_SIGN_IDENTITY[sdk=iphoneos*]" = "iPhone Developer";
				COPY_PHASE_STRIP = NO;
				DEBUG_INFORMATION_FORMAT = "dwarf-with-dsym";
				ENABLE_NS_ASSERTIONS = NO;
				ENABLE_STRICT_OBJC_MSGSEND = YES;
				GCC_C_LANGUAGE_STANDARD = gnu99;
				GCC_NO_COMMON_BLOCKS = YES;
				GCC_WARN_64_TO_32_BIT_CONVERSION = YES;
				GCC_WARN_ABOUT_RETURN_TYPE = YES_ERROR;
				GCC_WARN_UNDECLARED_SELECTOR = YES;
				GCC_WARN_UNINITIALIZED_AUTOS = YES_AGGRESSIVE;
				GCC_WARN_UNUSED_FUNCTION = YES;
				GCC_WARN_UNUSED_VARIABLE = YES;
				IPHONEOS_DEPLOYMENT_TARGET = 10.3;
				MTL_ENABLE_DEBUG_INFO = NO;
				SDKROOT = iphoneos;
				SWIFT_OPTIMIZATION_LEVEL = "-Owholemodule";
				VALIDATE_PRODUCT = YES;
			};
			name = Release;
		};
		6502457A1EB469CE00E34B76 /* Debug */ = {
			isa = XCBuildConfiguration;
			buildSettings = {
				ASSETCATALOG_COMPILER_APPICON_NAME = AppIcon;
				DEVELOPMENT_TEAM = 67QLZ4589L;
				INFOPLIST_FILE = SlideshowApp/Info.plist;
				LD_RUNPATH_SEARCH_PATHS = "$(inherited) @executable_path/Frameworks";
				PRODUCT_BUNDLE_IDENTIFIER = io.github.yukisako.SlideshowApp;
				PRODUCT_NAME = "$(TARGET_NAME)";
				SWIFT_VERSION = 3.0;
			};
			name = Debug;
		};
		6502457B1EB469CE00E34B76 /* Release */ = {
			isa = XCBuildConfiguration;
			buildSettings = {
				ASSETCATALOG_COMPILER_APPICON_NAME = AppIcon;
				DEVELOPMENT_TEAM = 67QLZ4589L;
				INFOPLIST_FILE = SlideshowApp/Info.plist;
				LD_RUNPATH_SEARCH_PATHS = "$(inherited) @executable_path/Frameworks";
				PRODUCT_BUNDLE_IDENTIFIER = io.github.yukisako.SlideshowApp;
				PRODUCT_NAME = "$(TARGET_NAME)";
				SWIFT_VERSION = 3.0;
			};
			name = Release;
		};
/* End XCBuildConfiguration section */

/* Begin XCConfigurationList section */
		650245621EB469CD00E34B76 /* Build configuration list for PBXProject "SlideshowApp" */ = {
			isa = XCConfigurationList;
			buildConfigurations = (
				650245771EB469CE00E34B76 /* Debug */,
				650245781EB469CE00E34B76 /* Release */,
			);
			defaultConfigurationIsVisible = 0;
			defaultConfigurationName = Release;
		};
		650245791EB469CE00E34B76 /* Build configuration list for PBXNativeTarget "SlideshowApp" */ = {
			isa = XCConfigurationList;
			buildConfigurations = (
				6502457A1EB469CE00E34B76 /* Debug */,
				6502457B1EB469CE00E34B76 /* Release */,
			);
			defaultConfigurationIsVisible = 0;
		};
/* End XCConfigurationList section */
	};
	rootObject = 6502455F1EB469CD00E34B76 /* Project object */;
}
